// !$*UTF8*$!
{
	archiveVersion = 1;
	classes = {
	};
	objectVersion = 56;
	objects = {

/* Begin PBXBuildFile section */
		C01D78E42A907F9F0077B714 /* mostoreApp.swift in Sources */ = {isa = PBXBuildFile; fileRef = C01D78E32A907F9F0077B714 /* mostoreApp.swift */; };
		C01D78E62A907F9F0077B714 /* LoginView.swift in Sources */ = {isa = PBXBuildFile; fileRef = C01D78E52A907F9F0077B714 /* LoginView.swift */; };
		C01D78E82A907FA10077B714 /* Assets.xcassets in Resources */ = {isa = PBXBuildFile; fileRef = C01D78E72A907FA10077B714 /* Assets.xcassets */; };
		C01D78EB2A907FA10077B714 /* Preview Assets.xcassets in Resources */ = {isa = PBXBuildFile; fileRef = C01D78EA2A907FA10077B714 /* Preview Assets.xcassets */; };
		C01D78F52A907FA10077B714 /* mostoreTests.swift in Sources */ = {isa = PBXBuildFile; fileRef = C01D78F42A907FA10077B714 /* mostoreTests.swift */; };
		C01D78FF2A907FA10077B714 /* mostoreUITests.swift in Sources */ = {isa = PBXBuildFile; fileRef = C01D78FE2A907FA10077B714 /* mostoreUITests.swift */; };
		C01D79012A907FA10077B714 /* mostoreUITestsLaunchTests.swift in Sources */ = {isa = PBXBuildFile; fileRef = C01D79002A907FA10077B714 /* mostoreUITestsLaunchTests.swift */; };
/* End PBXBuildFile section */

/* Begin PBXContainerItemProxy section */
		C01D78F12A907FA10077B714 /* PBXContainerItemProxy */ = {
			isa = PBXContainerItemProxy;
			containerPortal = C01D78D82A907F9E0077B714 /* Project object */;
			proxyType = 1;
			remoteGlobalIDString = C01D78DF2A907F9F0077B714;
			remoteInfo = mostore;
		};
		C01D78FB2A907FA10077B714 /* PBXContainerItemProxy */ = {
			isa = PBXContainerItemProxy;
			containerPortal = C01D78D82A907F9E0077B714 /* Project object */;
			proxyType = 1;
			remoteGlobalIDString = C01D78DF2A907F9F0077B714;
			remoteInfo = mostore;
		};
/* End PBXContainerItemProxy section */

/* Begin PBXFileReference section */
		C01D78E02A907F9F0077B714 /* mostore.app */ = {isa = PBXFileReference; explicitFileType = wrapper.application; includeInIndex = 0; path = mostore.app; sourceTree = BUILT_PRODUCTS_DIR; };
		C01D78E32A907F9F0077B714 /* mostoreApp.swift */ = {isa = PBXFileReference; lastKnownFileType = sourcecode.swift; path = mostoreApp.swift; sourceTree = "<group>"; };
		C01D78E52A907F9F0077B714 /* LoginView.swift */ = {isa = PBXFileReference; lastKnownFileType = sourcecode.swift; path = LoginView.swift; sourceTree = "<group>"; };
		C01D78E72A907FA10077B714 /* Assets.xcassets */ = {isa = PBXFileReference; lastKnownFileType = folder.assetcatalog; path = Assets.xcassets; sourceTree = "<group>"; };
		C01D78EA2A907FA10077B714 /* Preview Assets.xcassets */ = {isa = PBXFileReference; lastKnownFileType = folder.assetcatalog; path = "Preview Assets.xcassets"; sourceTree = "<group>"; };
		C01D78F02A907FA10077B714 /* mostoreTests.xctest */ = {isa = PBXFileReference; explicitFileType = wrapper.cfbundle; includeInIndex = 0; path = mostoreTests.xctest; sourceTree = BUILT_PRODUCTS_DIR; };
		C01D78F42A907FA10077B714 /* mostoreTests.swift */ = {isa = PBXFileReference; lastKnownFileType = sourcecode.swift; path = mostoreTests.swift; sourceTree = "<group>"; };
		C01D78FA2A907FA10077B714 /* mostoreUITests.xctest */ = {isa = PBXFileReference; explicitFileType = wrapper.cfbundle; includeInIndex = 0; path = mostoreUITests.xctest; sourceTree = BUILT_PRODUCTS_DIR; };
		C01D78FE2A907FA10077B714 /* mostoreUITests.swift */ = {isa = PBXFileReference; lastKnownFileType = sourcecode.swift; path = mostoreUITests.swift; sourceTree = "<group>"; };
		C01D79002A907FA10077B714 /* mostoreUITestsLaunchTests.swift */ = {isa = PBXFileReference; lastKnownFileType = sourcecode.swift; path = mostoreUITestsLaunchTests.swift; sourceTree = "<group>"; };
/* End PBXFileReference section */

/* Begin PBXFrameworksBuildPhase section */
		C01D78DD2A907F9F0077B714 /* Frameworks */ = {
			isa = PBXFrameworksBuildPhase;
			buildActionMask = 2147483647;
			files = (
			);
			runOnlyForDeploymentPostprocessing = 0;
		};
		C01D78ED2A907FA10077B714 /* Frameworks */ = {
			isa = PBXFrameworksBuildPhase;
			buildActionMask = 2147483647;
			files = (
			);
			runOnlyForDeploymentPostprocessing = 0;
		};
		C01D78F72A907FA10077B714 /* Frameworks */ = {
			isa = PBXFrameworksBuildPhase;
			buildActionMask = 2147483647;
			files = (
			);
			runOnlyForDeploymentPostprocessing = 0;
		};
/* End PBXFrameworksBuildPhase section */

/* Begin PBXGroup section */
		C01D78D72A907F9E0077B714 = {
			isa = PBXGroup;
			children = (
				C01D78E22A907F9F0077B714 /* mostore */,
				C01D78F32A907FA10077B714 /* mostoreTests */,
				C01D78FD2A907FA10077B714 /* mostoreUITests */,
				C01D78E12A907F9F0077B714 /* Products */,
			);
			sourceTree = "<group>";
		};
		C01D78E12A907F9F0077B714 /* Products */ = {
			isa = PBXGroup;
			children = (
				C01D78E02A907F9F0077B714 /* mostore.app */,
				C01D78F02A907FA10077B714 /* mostoreTests.xctest */,
				C01D78FA2A907FA10077B714 /* mostoreUITests.xctest */,
			);
			name = Products;
			sourceTree = "<group>";
		};
		C01D78E22A907F9F0077B714 /* mostore */ = {
			isa = PBXGroup;
			children = (
				C01D79112A9083F80077B714 /* res */,
				C01D79102A90808B0077B714 /* controllers */,
				C01D790F2A9080810077B714 /* models */,
				C01D790E2A9080790077B714 /* views */,
				C01D78E92A907FA10077B714 /* Preview Content */,
			);
			path = mostore;
			sourceTree = "<group>";
		};
		C01D78E92A907FA10077B714 /* Preview Content */ = {
			isa = PBXGroup;
			children = (
				C01D78EA2A907FA10077B714 /* Preview Assets.xcassets */,
			);
			path = "Preview Content";
			sourceTree = "<group>";
		};
		C01D78F32A907FA10077B714 /* mostoreTests */ = {
			isa = PBXGroup;
			children = (
				C01D78F42A907FA10077B714 /* mostoreTests.swift */,
			);
			path = mostoreTests;
			sourceTree = "<group>";
		};
		C01D78FD2A907FA10077B714 /* mostoreUITests */ = {
			isa = PBXGroup;
			children = (
				C01D78FE2A907FA10077B714 /* mostoreUITests.swift */,
				C01D79002A907FA10077B714 /* mostoreUITestsLaunchTests.swift */,
			);
			path = mostoreUITests;
			sourceTree = "<group>";
		};
		C01D790E2A9080790077B714 /* views */ = {
			isa = PBXGroup;
			children = (
				C01D78E52A907F9F0077B714 /* LoginView.swift */,
			);
			path = views;
			sourceTree = "<group>";
		};
		C01D790F2A9080810077B714 /* models */ = {
			isa = PBXGroup;
			children = (
			);
			path = models;
			sourceTree = "<group>";
		};
		C01D79102A90808B0077B714 /* controllers */ = {
			isa = PBXGroup;
			children = (
				C01D78E32A907F9F0077B714 /* mostoreApp.swift */,
			);
			path = controllers;
			sourceTree = "<group>";
		};
		C01D79112A9083F80077B714 /* res */ = {
			isa = PBXGroup;
			children = (
				C01D78E72A907FA10077B714 /* Assets.xcassets */,
			);
			path = res;
			sourceTree = "<group>";
		};
/* End PBXGroup section */

/* Begin PBXNativeTarget section */
		C01D78DF2A907F9F0077B714 /* mostore */ = {
			isa = PBXNativeTarget;
			buildConfigurationList = C01D79042A907FA10077B714 /* Build configuration list for PBXNativeTarget "mostore" */;
			buildPhases = (
				C01D78DC2A907F9F0077B714 /* Sources */,
				C01D78DD2A907F9F0077B714 /* Frameworks */,
				C01D78DE2A907F9F0077B714 /* Resources */,
			);
			buildRules = (
			);
			dependencies = (
			);
			name = mostore;
			productName = mostore;
			productReference = C01D78E02A907F9F0077B714 /* mostore.app */;
			productType = "com.apple.product-type.application";
		};
		C01D78EF2A907FA10077B714 /* mostoreTests */ = {
			isa = PBXNativeTarget;
			buildConfigurationList = C01D79072A907FA10077B714 /* Build configuration list for PBXNativeTarget "mostoreTests" */;
			buildPhases = (
				C01D78EC2A907FA10077B714 /* Sources */,
				C01D78ED2A907FA10077B714 /* Frameworks */,
				C01D78EE2A907FA10077B714 /* Resources */,
			);
			buildRules = (
			);
			dependencies = (
				C01D78F22A907FA10077B714 /* PBXTargetDependency */,
			);
			name = mostoreTests;
			productName = mostoreTests;
			productReference = C01D78F02A907FA10077B714 /* mostoreTests.xctest */;
			productType = "com.apple.product-type.bundle.unit-test";
		};
		C01D78F92A907FA10077B714 /* mostoreUITests */ = {
			isa = PBXNativeTarget;
			buildConfigurationList = C01D790A2A907FA10077B714 /* Build configuration list for PBXNativeTarget "mostoreUITests" */;
			buildPhases = (
				C01D78F62A907FA10077B714 /* Sources */,
				C01D78F72A907FA10077B714 /* Frameworks */,
				C01D78F82A907FA10077B714 /* Resources */,
			);
			buildRules = (
			);
			dependencies = (
				C01D78FC2A907FA10077B714 /* PBXTargetDependency */,
			);
			name = mostoreUITests;
			productName = mostoreUITests;
			productReference = C01D78FA2A907FA10077B714 /* mostoreUITests.xctest */;
			productType = "com.apple.product-type.bundle.ui-testing";
		};
/* End PBXNativeTarget section */

/* Begin PBXProject section */
		C01D78D82A907F9E0077B714 /* Project object */ = {
			isa = PBXProject;
			attributes = {
				BuildIndependentTargetsInParallel = 1;
				LastSwiftUpdateCheck = 1430;
				LastUpgradeCheck = 1430;
				TargetAttributes = {
					C01D78DF2A907F9F0077B714 = {
						CreatedOnToolsVersion = 14.3.1;
					};
					C01D78EF2A907FA10077B714 = {
						CreatedOnToolsVersion = 14.3.1;
						TestTargetID = C01D78DF2A907F9F0077B714;
					};
					C01D78F92A907FA10077B714 = {
						CreatedOnToolsVersion = 14.3.1;
						TestTargetID = C01D78DF2A907F9F0077B714;
					};
				};
			};
			buildConfigurationList = C01D78DB2A907F9F0077B714 /* Build configuration list for PBXProject "mostore" */;
			compatibilityVersion = "Xcode 14.0";
			developmentRegion = en;
			hasScannedForEncodings = 0;
			knownRegions = (
				en,
				Base,
			);
			mainGroup = C01D78D72A907F9E0077B714;
			productRefGroup = C01D78E12A907F9F0077B714 /* Products */;
			projectDirPath = "";
			projectRoot = "";
			targets = (
				C01D78DF2A907F9F0077B714 /* mostore */,
				C01D78EF2A907FA10077B714 /* mostoreTests */,
				C01D78F92A907FA10077B714 /* mostoreUITests */,
			);
		};
/* End PBXProject section */

/* Begin PBXResourcesBuildPhase section */
		C01D78DE2A907F9F0077B714 /* Resources */ = {
			isa = PBXResourcesBuildPhase;
			buildActionMask = 2147483647;
			files = (
				C01D78EB2A907FA10077B714 /* Preview Assets.xcassets in Resources */,
				C01D78E82A907FA10077B714 /* Assets.xcassets in Resources */,
			);
			runOnlyForDeploymentPostprocessing = 0;
		};
		C01D78EE2A907FA10077B714 /* Resources */ = {
			isa = PBXResourcesBuildPhase;
			buildActionMask = 2147483647;
			files = (
			);
			runOnlyForDeploymentPostprocessing = 0;
		};
		C01D78F82A907FA10077B714 /* Resources */ = {
			isa = PBXResourcesBuildPhase;
			buildActionMask = 2147483647;
			files = (
			);
			runOnlyForDeploymentPostprocessing = 0;
		};
/* End PBXResourcesBuildPhase section */

/* Begin PBXSourcesBuildPhase section */
		C01D78DC2A907F9F0077B714 /* Sources */ = {
			isa = PBXSourcesBuildPhase;
			buildActionMask = 2147483647;
			files = (
				C01D78E62A907F9F0077B714 /* LoginView.swift in Sources */,
				C01D78E42A907F9F0077B714 /* mostoreApp.swift in Sources */,
			);
			runOnlyForDeploymentPostprocessing = 0;
		};
		C01D78EC2A907FA10077B714 /* Sources */ = {
			isa = PBXSourcesBuildPhase;
			buildActionMask = 2147483647;
			files = (
				C01D78F52A907FA10077B714 /* mostoreTests.swift in Sources */,
			);
			runOnlyForDeploymentPostprocessing = 0;
		};
		C01D78F62A907FA10077B714 /* Sources */ = {
			isa = PBXSourcesBuildPhase;
			buildActionMask = 2147483647;
			files = (
				C01D79012A907FA10077B714 /* mostoreUITestsLaunchTests.swift in Sources */,
				C01D78FF2A907FA10077B714 /* mostoreUITests.swift in Sources */,
			);
			runOnlyForDeploymentPostprocessing = 0;
		};
/* End PBXSourcesBuildPhase section */

/* Begin PBXTargetDependency section */
		C01D78F22A907FA10077B714 /* PBXTargetDependency */ = {
			isa = PBXTargetDependency;
			target = C01D78DF2A907F9F0077B714 /* mostore */;
			targetProxy = C01D78F12A907FA10077B714 /* PBXContainerItemProxy */;
		};
		C01D78FC2A907FA10077B714 /* PBXTargetDependency */ = {
			isa = PBXTargetDependency;
			target = C01D78DF2A907F9F0077B714 /* mostore */;
			targetProxy = C01D78FB2A907FA10077B714 /* PBXContainerItemProxy */;
		};
/* End PBXTargetDependency section */

/* Begin XCBuildConfiguration section */
		C01D79022A907FA10077B714 /* Debug */ = {
			isa = XCBuildConfiguration;
			buildSettings = {
				ALWAYS_SEARCH_USER_PATHS = NO;
				CLANG_ANALYZER_NONNULL = YES;
				CLANG_ANALYZER_NUMBER_OBJECT_CONVERSION = YES_AGGRESSIVE;
				CLANG_CXX_LANGUAGE_STANDARD = "gnu++20";
				CLANG_ENABLE_MODULES = YES;
				CLANG_ENABLE_OBJC_ARC = YES;
				CLANG_ENABLE_OBJC_WEAK = YES;
				CLANG_WARN_BLOCK_CAPTURE_AUTORELEASING = YES;
				CLANG_WARN_BOOL_CONVERSION = YES;
				CLANG_WARN_COMMA = YES;
				CLANG_WARN_CONSTANT_CONVERSION = YES;
				CLANG_WARN_DEPRECATED_OBJC_IMPLEMENTATIONS = YES;
				CLANG_WARN_DIRECT_OBJC_ISA_USAGE = YES_ERROR;
				CLANG_WARN_DOCUMENTATION_COMMENTS = YES;
				CLANG_WARN_EMPTY_BODY = YES;
				CLANG_WARN_ENUM_CONVERSION = YES;
				CLANG_WARN_INFINITE_RECURSION = YES;
				CLANG_WARN_INT_CONVERSION = YES;
				CLANG_WARN_NON_LITERAL_NULL_CONVERSION = YES;
				CLANG_WARN_OBJC_IMPLICIT_RETAIN_SELF = YES;
				CLANG_WARN_OBJC_LITERAL_CONVERSION = YES;
				CLANG_WARN_OBJC_ROOT_CLASS = YES_ERROR;
				CLANG_WARN_QUOTED_INCLUDE_IN_FRAMEWORK_HEADER = YES;
				CLANG_WARN_RANGE_LOOP_ANALYSIS = YES;
				CLANG_WARN_STRICT_PROTOTYPES = YES;
				CLANG_WARN_SUSPICIOUS_MOVE = YES;
				CLANG_WARN_UNGUARDED_AVAILABILITY = YES_AGGRESSIVE;
				CLANG_WARN_UNREACHABLE_CODE = YES;
				CLANG_WARN__DUPLICATE_METHOD_MATCH = YES;
				COPY_PHASE_STRIP = NO;
				DEBUG_INFORMATION_FORMAT = dwarf;
				ENABLE_STRICT_OBJC_MSGSEND = YES;
				ENABLE_TESTABILITY = YES;
				GCC_C_LANGUAGE_STANDARD = gnu11;
				GCC_DYNAMIC_NO_PIC = NO;
				GCC_NO_COMMON_BLOCKS = YES;
				GCC_OPTIMIZATION_LEVEL = 0;
				GCC_PREPROCESSOR_DEFINITIONS = (
					"DEBUG=1",
					"$(inherited)",
				);
				GCC_WARN_64_TO_32_BIT_CONVERSION = YES;
				GCC_WARN_ABOUT_RETURN_TYPE = YES_ERROR;
				GCC_WARN_UNDECLARED_SELECTOR = YES;
				GCC_WARN_UNINITIALIZED_AUTOS = YES_AGGRESSIVE;
				GCC_WARN_UNUSED_FUNCTION = YES;
				GCC_WARN_UNUSED_VARIABLE = YES;
				IPHONEOS_DEPLOYMENT_TARGET = 16.4;
				MTL_ENABLE_DEBUG_INFO = INCLUDE_SOURCE;
				MTL_FAST_MATH = YES;
				ONLY_ACTIVE_ARCH = YES;
				SDKROOT = iphoneos;
				SWIFT_ACTIVE_COMPILATION_CONDITIONS = DEBUG;
				SWIFT_OPTIMIZATION_LEVEL = "-Onone";
			};
			name = Debug;
		};
		C01D79032A907FA10077B714 /* Release */ = {
			isa = XCBuildConfiguration;
			buildSettings = {
				ALWAYS_SEARCH_USER_PATHS = NO;
				CLANG_ANALYZER_NONNULL = YES;
				CLANG_ANALYZER_NUMBER_OBJECT_CONVERSION = YES_AGGRESSIVE;
				CLANG_CXX_LANGUAGE_STANDARD = "gnu++20";
				CLANG_ENABLE_MODULES = YES;
				CLANG_ENABLE_OBJC_ARC = YES;
				CLANG_ENABLE_OBJC_WEAK = YES;
				CLANG_WARN_BLOCK_CAPTURE_AUTORELEASING = YES;
				CLANG_WARN_BOOL_CONVERSION = YES;
				CLANG_WARN_COMMA = YES;
				CLANG_WARN_CONSTANT_CONVERSION = YES;
				CLANG_WARN_DEPRECATED_OBJC_IMPLEMENTATIONS = YES;
				CLANG_WARN_DIRECT_OBJC_ISA_USAGE = YES_ERROR;
				CLANG_WARN_DOCUMENTATION_COMMENTS = YES;
				CLANG_WARN_EMPTY_BODY = YES;
				CLANG_WARN_ENUM_CONVERSION = YES;
				CLANG_WARN_INFINITE_RECURSION = YES;
				CLANG_WARN_INT_CONVERSION = YES;
				CLANG_WARN_NON_LITERAL_NULL_CONVERSION = YES;
				CLANG_WARN_OBJC_IMPLICIT_RETAIN_SELF = YES;
				CLANG_WARN_OBJC_LITERAL_CONVERSION = YES;
				CLANG_WARN_OBJC_ROOT_CLASS = YES_ERROR;
				CLANG_WARN_QUOTED_INCLUDE_IN_FRAMEWORK_HEADER = YES;
				CLANG_WARN_RANGE_LOOP_ANALYSIS = YES;
				CLANG_WARN_STRICT_PROTOTYPES = YES;
				CLANG_WARN_SUSPICIOUS_MOVE = YES;
				CLANG_WARN_UNGUARDED_AVAILABILITY = YES_AGGRESSIVE;
				CLANG_WARN_UNREACHABLE_CODE = YES;
				CLANG_WARN__DUPLICATE_METHOD_MATCH = YES;
				COPY_PHASE_STRIP = NO;
				DEBUG_INFORMATION_FORMAT = "dwarf-with-dsym";
				ENABLE_NS_ASSERTIONS = NO;
				ENABLE_STRICT_OBJC_MSGSEND = YES;
				GCC_C_LANGUAGE_STANDARD = gnu11;
				GCC_NO_COMMON_BLOCKS = YES;
				GCC_WARN_64_TO_32_BIT_CONVERSION = YES;
				GCC_WARN_ABOUT_RETURN_TYPE = YES_ERROR;
				GCC_WARN_UNDECLARED_SELECTOR = YES;
				GCC_WARN_UNINITIALIZED_AUTOS = YES_AGGRESSIVE;
				GCC_WARN_UNUSED_FUNCTION = YES;
				GCC_WARN_UNUSED_VARIABLE = YES;
				IPHONEOS_DEPLOYMENT_TARGET = 16.4;
				MTL_ENABLE_DEBUG_INFO = NO;
				MTL_FAST_MATH = YES;
				SDKROOT = iphoneos;
				SWIFT_COMPILATION_MODE = wholemodule;
				SWIFT_OPTIMIZATION_LEVEL = "-O";
				VALIDATE_PRODUCT = YES;
			};
			name = Release;
		};
		C01D79052A907FA10077B714 /* Debug */ = {
			isa = XCBuildConfiguration;
			buildSettings = {
				ASSETCATALOG_COMPILER_APPICON_NAME = AppIcon;
				ASSETCATALOG_COMPILER_GLOBAL_ACCENT_COLOR_NAME = AccentColor;
				CODE_SIGN_STYLE = Automatic;
				CURRENT_PROJECT_VERSION = 1;
				DEVELOPMENT_ASSET_PATHS = "\"mostore/Preview Content\"";
				ENABLE_PREVIEWS = YES;
				GENERATE_INFOPLIST_FILE = YES;
				INFOPLIST_KEY_CFBundleDisplayName = "Mo Store";
				INFOPLIST_KEY_UIApplicationSceneManifest_Generation = YES;
				INFOPLIST_KEY_UIApplicationSupportsIndirectInputEvents = YES;
				INFOPLIST_KEY_UILaunchScreen_Generation = YES;
				INFOPLIST_KEY_UISupportedInterfaceOrientations_iPad = "UIInterfaceOrientationPortrait UIInterfaceOrientationPortraitUpsideDown UIInterfaceOrientationLandscapeLeft UIInterfaceOrientationLandscapeRight";
				INFOPLIST_KEY_UISupportedInterfaceOrientations_iPhone = "UIInterfaceOrientationPortrait UIInterfaceOrientationLandscapeLeft UIInterfaceOrientationLandscapeRight";
				LD_RUNPATH_SEARCH_PATHS = (
					"$(inherited)",
					"@executable_path/Frameworks",
				);
				MARKETING_VERSION = 1.0;
				PRODUCT_BUNDLE_IDENTIFIER = com.hassanadeola.mostore;
				PRODUCT_NAME = "$(TARGET_NAME)";
				SWIFT_EMIT_LOC_STRINGS = YES;
				SWIFT_VERSION = 5.0;
				TARGETED_DEVICE_FAMILY = "1,2";
			};
			name = Debug;
		};
		C01D79062A907FA10077B714 /* Release */ = {
			isa = XCBuildConfiguration;
			buildSettings = {
				ASSETCATALOG_COMPILER_APPICON_NAME = AppIcon;
				ASSETCATALOG_COMPILER_GLOBAL_ACCENT_COLOR_NAME = AccentColor;
				CODE_SIGN_STYLE = Automatic;
				CURRENT_PROJECT_VERSION = 1;
				DEVELOPMENT_ASSET_PATHS = "\"mostore/Preview Content\"";
				ENABLE_PREVIEWS = YES;
				GENERATE_INFOPLIST_FILE = YES;
				INFOPLIST_KEY_CFBundleDisplayName = "Mo Store";
				INFOPLIST_KEY_UIApplicationSceneManifest_Generation = YES;
				INFOPLIST_KEY_UIApplicationSupportsIndirectInputEvents = YES;
				INFOPLIST_KEY_UILaunchScreen_Generation = YES;
				INFOPLIST_KEY_UISupportedInterfaceOrientations_iPad = "UIInterfaceOrientationPortrait UIInterfaceOrientationPortraitUpsideDown UIInterfaceOrientationLandscapeLeft UIInterfaceOrientationLandscapeRight";
				INFOPLIST_KEY_UISupportedInterfaceOrientations_iPhone = "UIInterfaceOrientationPortrait UIInterfaceOrientationLandscapeLeft UIInterfaceOrientationLandscapeRight";
				LD_RUNPATH_SEARCH_PATHS = (
					"$(inherited)",
					"@executable_path/Frameworks",
				);
				MARKETING_VERSION = 1.0;
				PRODUCT_BUNDLE_IDENTIFIER = com.hassanadeola.mostore;
				PRODUCT_NAME = "$(TARGET_NAME)";
				SWIFT_EMIT_LOC_STRINGS = YES;
				SWIFT_VERSION = 5.0;
				TARGETED_DEVICE_FAMILY = "1,2";
			};
			name = Release;
		};
		C01D79082A907FA10077B714 /* Debug */ = {
			isa = XCBuildConfiguration;
			buildSettings = {
				ALWAYS_EMBED_SWIFT_STANDARD_LIBRARIES = YES;
				BUNDLE_LOADER = "$(TEST_HOST)";
				CODE_SIGN_STYLE = Automatic;
				CURRENT_PROJECT_VERSION = 1;
				GENERATE_INFOPLIST_FILE = YES;
				IPHONEOS_DEPLOYMENT_TARGET = 16.4;
				MARKETING_VERSION = 1.0;
				PRODUCT_BUNDLE_IDENTIFIER = com.hassanadeola.mostoreTests;
				PRODUCT_NAME = "$(TARGET_NAME)";
				SWIFT_EMIT_LOC_STRINGS = NO;
				SWIFT_VERSION = 5.0;
				TARGETED_DEVICE_FAMILY = "1,2";
				TEST_HOST = "$(BUILT_PRODUCTS_DIR)/mostore.app/$(BUNDLE_EXECUTABLE_FOLDER_PATH)/mostore";
			};
			name = Debug;
		};
		C01D79092A907FA10077B714 /* Release */ = {
			isa = XCBuildConfiguration;
			buildSettings = {
				ALWAYS_EMBED_SWIFT_STANDARD_LIBRARIES = YES;
				BUNDLE_LOADER = "$(TEST_HOST)";
				CODE_SIGN_STYLE = Automatic;
				CURRENT_PROJECT_VERSION = 1;
				GENERATE_INFOPLIST_FILE = YES;
				IPHONEOS_DEPLOYMENT_TARGET = 16.4;
				MARKETING_VERSION = 1.0;
				PRODUCT_BUNDLE_IDENTIFIER = com.hassanadeola.mostoreTests;
				PRODUCT_NAME = "$(TARGET_NAME)";
				SWIFT_EMIT_LOC_STRINGS = NO;
				SWIFT_VERSION = 5.0;
				TARGETED_DEVICE_FAMILY = "1,2";
				TEST_HOST = "$(BUILT_PRODUCTS_DIR)/mostore.app/$(BUNDLE_EXECUTABLE_FOLDER_PATH)/mostore";
			};
			name = Release;
		};
		C01D790B2A907FA10077B714 /* Debug */ = {
			isa = XCBuildConfiguration;
			buildSettings = {
				ALWAYS_EMBED_SWIFT_STANDARD_LIBRARIES = YES;
				CODE_SIGN_STYLE = Automatic;
				CURRENT_PROJECT_VERSION = 1;
				GENERATE_INFOPLIST_FILE = YES;
				MARKETING_VERSION = 1.0;
				PRODUCT_BUNDLE_IDENTIFIER = com.hassanadeola.mostoreUITests;
				PRODUCT_NAME = "$(TARGET_NAME)";
				SWIFT_EMIT_LOC_STRINGS = NO;
				SWIFT_VERSION = 5.0;
				TARGETED_DEVICE_FAMILY = "1,2";
				TEST_TARGET_NAME = mostore;
			};
			name = Debug;
		};
		C01D790C2A907FA10077B714 /* Release */ = {
			isa = XCBuildConfiguration;
			buildSettings = {
				ALWAYS_EMBED_SWIFT_STANDARD_LIBRARIES = YES;
				CODE_SIGN_STYLE = Automatic;
				CURRENT_PROJECT_VERSION = 1;
				GENERATE_INFOPLIST_FILE = YES;
				MARKETING_VERSION = 1.0;
				PRODUCT_BUNDLE_IDENTIFIER = com.hassanadeola.mostoreUITests;
				PRODUCT_NAME = "$(TARGET_NAME)";
				SWIFT_EMIT_LOC_STRINGS = NO;
				SWIFT_VERSION = 5.0;
				TARGETED_DEVICE_FAMILY = "1,2";
				TEST_TARGET_NAME = mostore;
			};
			name = Release;
		};
/* End XCBuildConfiguration section */

/* Begin XCConfigurationList section */
		C01D78DB2A907F9F0077B714 /* Build configuration list for PBXProject "mostore" */ = {
			isa = XCConfigurationList;
			buildConfigurations = (
				C01D79022A907FA10077B714 /* Debug */,
				C01D79032A907FA10077B714 /* Release */,
			);
			defaultConfigurationIsVisible = 0;
			defaultConfigurationName = Release;
		};
		C01D79042A907FA10077B714 /* Build configuration list for PBXNativeTarget "mostore" */ = {
			isa = XCConfigurationList;
			buildConfigurations = (
				C01D79052A907FA10077B714 /* Debug */,
				C01D79062A907FA10077B714 /* Release */,
			);
			defaultConfigurationIsVisible = 0;
			defaultConfigurationName = Release;
		};
		C01D79072A907FA10077B714 /* Build configuration list for PBXNativeTarget "mostoreTests" */ = {
			isa = XCConfigurationList;
			buildConfigurations = (
				C01D79082A907FA10077B714 /* Debug */,
				C01D79092A907FA10077B714 /* Release */,
			);
			defaultConfigurationIsVisible = 0;
			defaultConfigurationName = Release;
		};
		C01D790A2A907FA10077B714 /* Build configuration list for PBXNativeTarget "mostoreUITests" */ = {
			isa = XCConfigurationList;
			buildConfigurations = (
				C01D790B2A907FA10077B714 /* Debug */,
				C01D790C2A907FA10077B714 /* Release */,
			);
			defaultConfigurationIsVisible = 0;
			defaultConfigurationName = Release;
		};
/* End XCConfigurationList section */
	};
	rootObject = C01D78D82A907F9E0077B714 /* Project object */;
}
